
Microsoft Visual Studio Solution File, Format Version 12.00
# Visual Studio Version 16
VisualStudioVersion = 16.0.29020.237
MinimumVisualStudioVersion = 10.0.40219.1
Project("{FAE04EC0-301F-11D3-BF4B-00C04F79EFBC}") = "netcore2-graphql", "netcore2-graphql\netcore2-graphql.csproj", "{81CD84D8-00D8-4C6E-8802-603A438E23D0}"
EndProject
Project("{FAE04EC0-301F-11D3-BF4B-00C04F79EFBC}") = "netcore2-graphql.Core", "netcore2-graphql.Core\netcore2-graphql.Core.csproj", "{05E27476-5435-4EE1-AAEB-6827AFADF68C}"
EndProject
Global
	GlobalSection(SolutionConfigurationPlatforms) = preSolution
		Debug|Any CPU = Debug|Any CPU
		Release|Any CPU = Release|Any CPU
	EndGlobalSection
	GlobalSection(ProjectConfigurationPlatforms) = postSolution
		{81CD84D8-00D8-4C6E-8802-603A438E23D0}.Debug|Any CPU.ActiveCfg = Debug|Any CPU
		{81CD84D8-00D8-4C6E-8802-603A438E23D0}.Debug|Any CPU.Build.0 = Debug|Any CPU
		{81CD84D8-00D8-4C6E-8802-603A438E23D0}.Release|Any CPU.ActiveCfg = Release|Any CPU
		{81CD84D8-00D8-4C6E-8802-603A438E23D0}.Release|Any CPU.Build.0 = Release|Any CPU
		{05E27476-5435-4EE1-AAEB-6827AFADF68C}.Debug|Any CPU.ActiveCfg = Debug|Any CPU
		{05E27476-5435-4EE1-AAEB-6827AFADF68C}.Debug|Any CPU.Build.0 = Debug|Any CPU
		{05E27476-5435-4EE1-AAEB-6827AFADF68C}.Release|Any CPU.ActiveCfg = Release|Any CPU
		{05E27476-5435-4EE1-AAEB-6827AFADF68C}.Release|Any CPU.Build.0 = Release|Any CPU
	EndGlobalSection
	GlobalSection(SolutionProperties) = preSolution
		HideSolutionNode = FALSE
	EndGlobalSection
	GlobalSection(ExtensibilityGlobals) = postSolution
		SolutionGuid = {E52106AB-B113-4F2B-B076-1386A2CF7BDC}
	EndGlobalSection
EndGlobal
